{
  "version": 4,
  "terraform_version": "0.14.6",
  "serial": 6,
  "lineage": "1d8f0a84-7c07-ce87-e42e-d95171f2fac4",
  "outputs": {
    "kubernetes_cluster_host": {
      "value": "35.228.215.36",
      "type": "string"
    },
    "kubernetes_cluster_name": {
      "value": "serious-energy",
      "type": "string"
    },
    "master_version": {
      "value": "1.18.16-gke.300",
      "type": "string"
    },
    "project_id": {
      "value": "serious-energy-304109",
      "type": "string"
    },
    "region": {
      "value": "europe-north1",
      "type": "string"
    }
  },
  "resources": [
    {
      "mode": "managed",
      "type": "google_container_cluster",
      "name": "primary",
      "provider": "provider[\"registry.terraform.io/hashicorp/google\"]",
      "instances": [
        {
          "schema_version": 1,
          "attributes": {
            "addons_config": [
              {
                "cloudrun_config": [],
                "horizontal_pod_autoscaling": [],
                "http_load_balancing": [],
                "network_policy_config": [
                  {
                    "disabled": true
                  }
                ]
              }
            ],
            "authenticator_groups_config": [],
            "cluster_autoscaling": [
              {
                "auto_provisioning_defaults": [],
                "enabled": false,
                "resource_limits": []
              }
            ],
            "cluster_ipv4_cidr": "10.84.0.0/14",
            "database_encryption": [
              {
                "key_name": "",
                "state": "DECRYPTED"
              }
            ],
            "default_max_pods_per_node": null,
            "description": "",
            "enable_binary_authorization": false,
            "enable_intranode_visibility": null,
            "enable_kubernetes_alpha": false,
            "enable_legacy_abac": false,
            "enable_shielded_nodes": false,
            "enable_tpu": null,
            "endpoint": "35.228.215.36",
            "id": "projects/serious-energy-304109/locations/europe-north1-a/clusters/serious-energy",
            "initial_node_count": 1,
            "instance_group_urls": [
              "https://www.googleapis.com/compute/v1/projects/serious-energy-304109/zones/europe-north1-a/instanceGroups/gke-serious-energy-serious-energy-nod-1d1a2973-grp"
            ],
            "ip_allocation_policy": [],
            "label_fingerprint": "a9dc16a7",
            "location": "europe-north1-a",
            "logging_service": "logging.googleapis.com/kubernetes",
            "maintenance_policy": [],
            "master_auth": [
              {
                "client_certificate": "",
                "client_certificate_config": [
                  {
                    "issue_client_certificate": false
                  }
                ],
                "client_key": "",
                "cluster_ca_certificate": "LS0tLS1CRUdJTiBDRVJUSUZJQ0FURS0tLS0tCk1JSURLekNDQWhPZ0F3SUJBZ0lSQUtMc0xLWExnWm5HblNuYm5PT2RzV3d3RFFZSktvWklodmNOQVFFTEJRQXcKTHpFdE1Dc0dBMVVFQXhNa1lXWTFPVE14WXpJdE9UQTBaQzAwTVdNeExUazJPVE10TTJKa01Ua3haR0ZqTVdZeApNQjRYRFRJeE1ETXdNekV5TWpNek1sb1hEVEkyTURNd01qRXpNak16TWxvd0x6RXRNQ3NHQTFVRUF4TWtZV1kxCk9UTXhZekl0T1RBMFpDMDBNV014TFRrMk9UTXRNMkprTVRreFpHRmpNV1l4TUlJQklqQU5CZ2txaGtpRzl3MEIKQVFFRkFBT0NBUThBTUlJQkNnS0NBUUVBd1ZEZUtUV2hjNUE1bWRHdlRiQlFCTGVaRHpvQUlDUWFGQ2dpRnpCeApOWGdZcDNjMnk0dm1QakJYOFZtK3ZrNmYvbGFjM0ZuU2t6L2hZeHVBdVdZMENPQU1JYkZERko5RnZlLzRteUh6ClBDS25YdENxdVg0U2RCN0tzMDdBOFU1bHZPclVSQlJKN25UZktRb0pBUlppeTJkY2tCRXpXVVkxbUhobkJlaGsKNmUzZU5sVVNrVXRiQjZsZEQyWnlEcGNmRGhMelJwRWpiVG5SU1VXcnVzdWt5eGN5THZsNElCWFVkcnVyWElpQwpxZTlraDJkOEhRUGl5OWoxOVZRMXVmWDZBQTM1dkV4N1VHS2lEUWFRZUxpKzZOTnpVSEZpOTE4UWh6Qmducjc1Cms1Q2ZKSjcrT3E5UUFVMysvYVdNOU04a3VhVVQ5bjA2cG5qTjRuTERRT0V3cFFJREFRQUJvMEl3UURBT0JnTlYKSFE4QkFmOEVCQU1DQWdRd0R3WURWUjBUQVFIL0JBVXdBd0VCL3pBZEJnTlZIUTRFRmdRVTBUMFpxZzdEaStNTgp5U0I3bWdHTlZvc0toNHN3RFFZSktvWklodmNOQVFFTEJRQURnZ0VCQUR6N0ZXM1k0QmNYd0VLbHNCUStlRm4yClN5TGJoR1ZSZ1hWUHdRNEtwT0srdW8yQVJKb1NQYkZvOW1wbjUzeUlkaktadHIwd1dLSkhwUTlZU1BBMGpvRTQKa254NkRUNlh2akZMME5QWFZJcjNYYVZvY21yd3RGZWxwenkrQnord2lqUDVZaUp4UytTTVdQcE9KT3pXSFhjSQpuSDVsa2wwdUJ1NHRnWGFZSWZxa2hqQ0dPRlhDbXdZZTJraFFNWXY3ODhjaXM5Ym50cDNKWk1mNkhiMThHamFVCmxUVVVMSk5GREgySi9hcTlXdk9zdk53SVJKUDdLZjFwdFBsWkVPZjUvYituei9uNFloS0ZJZUZhOEZpSDh4OEkKVEFTbFVBaUVLQnFMMnVoQTRNTSt1UkMvd0NhV08wRnhKS0xkbVFCcmlhVnA0czN5dmliWDdnNTIvc1FXTmVFPQotLS0tLUVORCBDRVJUSUZJQ0FURS0tLS0tCg==",
                "password": "",
                "username": ""
              }
            ],
            "master_authorized_networks_config": [],
            "master_version": "1.18.16-gke.300",
            "min_master_version": "latest",
            "monitoring_service": "monitoring.googleapis.com/kubernetes",
            "name": "serious-energy",
            "network": "projects/serious-energy-304109/global/networks/default",
            "network_policy": [
              {
                "enabled": false,
                "provider": "PROVIDER_UNSPECIFIED"
              }
            ],
            "node_config": [
              {
                "disk_size_gb": 30,
                "disk_type": "pd-standard",
                "guest_accelerator": [],
                "image_type": "COS",
                "labels": {
                  "env": "serious-energy-304109"
                },
                "local_ssd_count": 0,
                "machine_type": "e2-standard-2",
                "metadata": {
                  "disable-legacy-endpoints": "true"
                },
                "min_cpu_platform": "",
                "oauth_scopes": [
                  "https://www.googleapis.com/auth/logging.write",
                  "https://www.googleapis.com/auth/monitoring"
                ],
                "preemptible": false,
                "service_account": "default",
                "shielded_instance_config": [
                  {
                    "enable_integrity_monitoring": true,
                    "enable_secure_boot": false
                  }
                ],
                "tags": [],
                "taint": [],
                "workload_metadata_config": []
              }
            ],
            "node_locations": [],
            "node_pool": [
              {
                "autoscaling": [],
                "initial_node_count": 4,
                "instance_group_urls": [
                  "https://www.googleapis.com/compute/v1/projects/serious-energy-304109/zones/europe-north1-a/instanceGroupManagers/gke-serious-energy-serious-energy-nod-1d1a2973-grp"
                ],
                "management": [
                  {
                    "auto_repair": true,
                    "auto_upgrade": true
                  }
                ],
                "max_pods_per_node": 0,
                "name": "serious-energy-node-pool",
                "name_prefix": "",
                "node_config": [
                  {
                    "disk_size_gb": 30,
                    "disk_type": "pd-standard",
                    "guest_accelerator": [],
                    "image_type": "COS",
                    "labels": {
                      "env": "serious-energy-304109"
                    },
                    "local_ssd_count": 0,
                    "machine_type": "e2-standard-2",
                    "metadata": {
                      "disable-legacy-endpoints": "true"
                    },
                    "min_cpu_platform": "",
                    "oauth_scopes": [
                      "https://www.googleapis.com/auth/logging.write",
                      "https://www.googleapis.com/auth/monitoring"
                    ],
                    "preemptible": false,
                    "service_account": "default",
                    "shielded_instance_config": [
                      {
                        "enable_integrity_monitoring": true,
                        "enable_secure_boot": false
                      }
                    ],
                    "tags": [],
                    "taint": [],
                    "workload_metadata_config": []
                  }
                ],
                "node_count": 4,
                "node_locations": [
                  "europe-north1-a"
                ],
                "upgrade_settings": [
                  {
                    "max_surge": 1,
                    "max_unavailable": 0
                  }
                ],
                "version": "1.18.16-gke.300"
              }
            ],
            "node_version": "1.18.16-gke.300",
            "operation": null,
            "pod_security_policy_config": [],
            "private_cluster_config": [],
            "project": "serious-energy-304109",
            "release_channel": [
              {
                "channel": "UNSPECIFIED"
              }
            ],
            "remove_default_node_pool": true,
            "resource_labels": {},
            "resource_usage_export_config": [],
            "self_link": "https://container.googleapis.com/v1beta1/projects/serious-energy-304109/zones/europe-north1-a/clusters/serious-energy",
            "services_ipv4_cidr": "10.87.240.0/20",
            "subnetwork": "projects/serious-energy-304109/regions/europe-north1/subnetworks/default",
            "timeouts": null,
            "vertical_pod_autoscaling": [],
            "workload_identity_config": []
          },
          "sensitive_attributes": [],
          "private": "eyJlMmJmYjczMC1lY2FhLTExZTYtOGY4OC0zNDM2M2JjN2M0YzAiOnsiY3JlYXRlIjoyNDAwMDAwMDAwMDAwLCJkZWxldGUiOjI0MDAwMDAwMDAwMDAsInJlYWQiOjI0MDAwMDAwMDAwMDAsInVwZGF0ZSI6MzYwMDAwMDAwMDAwMH0sInNjaGVtYV92ZXJzaW9uIjoiMSJ9"
        }
      ]
    },
    {
      "mode": "managed",
      "type": "google_container_node_pool",
      "name": "primary_nodes",
      "provider": "provider[\"registry.terraform.io/hashicorp/google\"]",
      "instances": [
        {
          "schema_version": 1,
          "attributes": {
            "autoscaling": [],
            "cluster": "serious-energy",
            "id": "projects/serious-energy-304109/locations/europe-north1-a/clusters/serious-energy/nodePools/serious-energy-node-pool",
            "initial_node_count": 4,
            "instance_group_urls": [
              "https://www.googleapis.com/compute/v1/projects/serious-energy-304109/zones/europe-north1-a/instanceGroupManagers/gke-serious-energy-serious-energy-nod-1d1a2973-grp"
            ],
            "location": "europe-north1-a",
            "management": [
              {
                "auto_repair": true,
                "auto_upgrade": true
              }
            ],
            "max_pods_per_node": null,
            "name": "serious-energy-node-pool",
            "name_prefix": "",
            "node_config": [
              {
                "disk_size_gb": 30,
                "disk_type": "pd-standard",
                "guest_accelerator": [],
                "image_type": "COS",
                "labels": {
                  "env": "serious-energy-304109"
                },
                "local_ssd_count": 0,
                "machine_type": "e2-standard-2",
                "metadata": {
                  "disable-legacy-endpoints": "true"
                },
                "min_cpu_platform": "",
                "oauth_scopes": [
                  "https://www.googleapis.com/auth/logging.write",
                  "https://www.googleapis.com/auth/monitoring"
                ],
                "preemptible": false,
                "service_account": "default",
                "shielded_instance_config": [
                  {
                    "enable_integrity_monitoring": true,
                    "enable_secure_boot": false
                  }
                ],
                "tags": [],
                "taint": [],
                "workload_metadata_config": []
              }
            ],
            "node_count": 4,
            "node_locations": [
              "europe-north1-a"
            ],
            "project": "serious-energy-304109",
            "timeouts": null,
            "upgrade_settings": [
              {
                "max_surge": 1,
                "max_unavailable": 0
              }
            ],
            "version": "1.18.16-gke.300"
          },
          "sensitive_attributes": [],
          "private": "eyJlMmJmYjczMC1lY2FhLTExZTYtOGY4OC0zNDM2M2JjN2M0YzAiOnsiY3JlYXRlIjoxODAwMDAwMDAwMDAwLCJkZWxldGUiOjE4MDAwMDAwMDAwMDAsInVwZGF0ZSI6MTgwMDAwMDAwMDAwMH0sInNjaGVtYV92ZXJzaW9uIjoiMSJ9",
          "dependencies": [
            "google_container_cluster.primary"
          ]
        }
      ]
    }
  ]
}
